version = 1
revision = 3
requires-python = "==3.13.*"

[[package]]
name = "annotated-types"
version = "0.7.0"
source = { registry = "https://pypi.org/simple" }
sdist = { url = "https://files.pythonhosted.org/packages/ee/67/531ea369ba64dcff5ec9c3402f9f51bf748cec26dde048a2f973a4eea7f5/annotated_types-0.7.0.tar.gz", hash = "sha256:aff07c09a53a08bc8cfccb9c85b05f1aa9a2a6f23728d790723543408344ce89", size = 16081, upload-time = "2024-05-20T21:33:25.928Z" }
wheels = [
    { url = "https://files.pythonhosted.org/packages/78/b6/6307fbef88d9b5ee7421e68d78a9f162e0da4900bc5f5793f6d3d0e34fb8/annotated_types-0.7.0-py3-none-any.whl", hash = "sha256:1f02e8b43a8fbbc3f3e0d4f0f4bfc8131bcb4eebe8849b8e5c773f3a1c582a53", size = 13643, upload-time = "2024-05-20T21:33:24.1Z" },
]

[[package]]
name = "colorama"
version = "0.4.6"
source = { registry = "https://pypi.org/simple" }
sdist = { url = "https://files.pythonhosted.org/packages/d8/53/6f443c9a4a8358a93a6792e2acffb9d9d5cb0a5cfd8802644b7b1c9a02e4/colorama-0.4.6.tar.gz", hash = "sha256:08695f5cb7ed6e0531a20572697297273c47b8cae5a63ffc6d6ed5c201be6e44", size = 27697, upload-time = "2022-10-25T02:36:22.414Z" }
wheels = [
    { url = "https://files.pythonhosted.org/packages/d1/d6/3965ed04c63042e047cb6a3e6ed1a63a35087b6a609aa3a15ed8ac56c221/colorama-0.4.6-py2.py3-none-any.whl", hash = "sha256:4f1d9991f5acc0ca119f9d443620b77f9d6b33703e51011c16baf57afb285fc6", size = 25335, upload-time = "2022-10-25T02:36:20.889Z" },
]

[[package]]
name = "duckdb"
version = "1.5.4"
source = { registry = "https://pypi.org/simple" }
sdist = { url = "https://files.pythonhosted.org/packages/31/29/9bad86ed7aa812d8c822a27c15c355b6d5423b991feeec86ed18027b6daa/duckdb-1.5.4.tar.gz", hash = "sha256:f9e32f1cdd106793d79d190186bed9e75289d51e68bd9174e47c04bffedeab6f", size = 18046634, upload-time = "2026-06-17T10:48:52.499Z" }
wheels = [
    { url = "https://files.pythonhosted.org/packages/da/69/3fcb34e523a9bad1f0557a6c7691a71ba66c43a05e5be9ee96a9a841ed65/duckdb-1.5.4-cp313-cp313-macosx_10_13_universal2.whl", hash = "sha256:42a612e67d64450b446eb69695290d460713eef46e0f64467ab9dfe96264ee05", size = 32708366, upload-time = "2026-06-17T10:48:18.084Z" },
    { url = "https://files.pythonhosted.org/packages/f5/5f/bff5054c2c1d65decab36aa6296621e51a2a575a9f250db7ab9b83a325d6/duckdb-1.5.4-cp313-cp313-macosx_10_13_x86_64.whl", hash = "sha256:3fb6f07d54ecf4d0d3c5179a2361fdddfafa14de4fc42696de4632479b703421", size = 17345735, upload-time = "2026-06-17T10:48:20.67Z" },
    { url = "https://files.pythonhosted.org/packages/93/12/d1b2b344e9699246aada6f9de5156e708fb476e2780e5bff9b5d95fe11d9/duckdb-1.5.4-cp313-cp313-macosx_11_0_arm64.whl", hash = "sha256:0f32ad7e0286c1c29ab6c73b29118c86101f8eee46aae54f54d0b50916f542f6", size = 15488568, upload-time = "2026-06-17T10:48:23.038Z" },
    { url = "https://files.pythonhosted.org/packages/c1/d1/ac56c6096e3e95da60b2c5dd5a0f0eb5540a80622e2e4f8faab893ec4e96/duckdb-1.5.4-cp313-cp313-manylinux_2_26_aarch64.manylinux_2_28_aarch64.whl", hash = "sha256:698ec90bd5d5538bd5f6d212a4b61af443d240703cf45f134738535026556ea5", size = 19368184, upload-time = "2026-06-17T10:48:25.601Z" },
    { url = "https://files.pythonhosted.org/packages/1e/0b/2ae4c3e157a19d9b4ac1f09a5dea6f93012334cc2db09f1e0c71eb99693d/duckdb-1.5.4-cp313-cp313-manylinux_2_26_x86_64.manylinux_2_28_x86_64.whl", hash = "sha256:136cea7f886b78caf4035485b4b1e766e8b309e999f9e83a966f81ebb8122844", size = 21486523, upload-time = "2026-06-17T10:48:27.817Z" },
    { url = "https://files.pythonhosted.org/packages/64/7b/c3d8d21e0d0db8faa81eeeb3a55b9932f5a0a16466cb968dc713a653d701/duckdb-1.5.4-cp313-cp313-win_amd64.whl", hash = "sha256:bd6777e8ddd74fb603a6d09766bfcff28638189f8aaa61fc0dffd9e9a4baa8e5", size = 13147807, upload-time = "2026-06-17T10:48:30.017Z" },
    { url = "https://files.pythonhosted.org/packages/44/48/ddf8d3740e3d28582944f70d84e720b5dc28c10ec22b668a0e0bd965f2f2/duckdb-1.5.4-cp313-cp313-win_arm64.whl", hash = "sha256:73f4878a3012283024a64a1909e440aac12091ef336f671fc142f7e87449ce0c", size = 13965189, upload-time = "2026-06-17T10:48:32.251Z" },
]

[[package]]
name = "iniconfig"
version = "2.3.0"
source = { registry = "https://pypi.org/simple" }
sdist = { url = "https://files.pythonhosted.org/packages/72/34/14ca021ce8e5dfedc35312d08ba8bf51fdd999c576889fc2c24cb97f4f10/iniconfig-2.3.0.tar.gz", hash = "sha256:c76315c77db068650d49c5b56314774a7804df16fee4402c1f19d6d15d8c4730", size = 20503, upload-time = "2025-10-18T21:55:43.219Z" }
wheels = [
    { url = "https://files.pythonhosted.org/packages/cb/b1/3846dd7f199d53cb17f49cba7e651e9ce294d8497c8c150530ed11865bb8/iniconfig-2.3.0-py3-none-any.whl", hash = "sha256:f631c04d2c48c52b84d0d0549c99ff3859c98df65b3101406327ecc7d53fbf12", size = 7484, upload-time = "2025-10-18T21:55:41.639Z" },
]

[[package]]
name = "orjson"
version = "3.11.9"
source = { registry = "https://pypi.org/simple" }
sdist = { url = "https://files.pythonhosted.org/packages/7e/0c/964746fcafbd16f8ff53219ad9f6b412b34f345c75f384ad434ceaadb538/orjson-3.11.9.tar.gz", hash = "sha256:4fef17e1f8722c11587a6ef18e35902450221da0028e65dbaaa543619e68e48f", size = 5599163, upload-time = "2026-05-06T15:11:08.309Z" }
wheels = [
    { url = "https://files.pythonhosted.org/packages/32/33/93fcc25907235c344ae73122f8a4e01d2d393ef062b4af7d2e2487a32c37/orjson-3.11.9-cp313-cp313-macosx_10_15_x86_64.macosx_11_0_arm64.macosx_10_15_universal2.whl", hash = "sha256:4bab1b2d6141fe7b32ae71dac905666ece4f94936efbfb13d55bb7739a3a6021", size = 228458, upload-time = "2026-05-06T15:10:20.079Z" },
    { url = "https://files.pythonhosted.org/packages/8f/27/b1e6dadb3c080313c03fdd8067b85e6a0460c7d8d6a1c3984ef77b904e4d/orjson-3.11.9-cp313-cp313-macosx_15_0_arm64.whl", hash = "sha256:844417969855fc7a41be124aafe83dc424592a7f77cd4501900c67307122b92c", size = 128368, upload-time = "2026-05-06T15:10:21.549Z" },
    { url = "https://files.pythonhosted.org/packages/21/0f/c9ede0bf052f6b4051e64a7d4fa91b725cccf8321a6a786e86eb03519f00/orjson-3.11.9-cp313-cp313-manylinux_2_17_aarch64.manylinux2014_aarch64.whl", hash = "sha256:ffe02797b5e9f3a9d8292ddcd289b474ad13e81ad83cd1891a240811f1d2cb81", size = 132070, upload-time = "2026-05-06T15:10:23.371Z" },
    { url = "https://files.pythonhosted.org/packages/fd/26/d398e28048dc18205bbe812f2c88cb9b40313db2470778e25964796458fe/orjson-3.11.9-cp313-cp313-manylinux_2_17_armv7l.manylinux2014_armv7l.whl", hash = "sha256:0e4eed3b200023042814d2fc8a5d2e880f13b52e1ed2485e83da4f3962f7dc1a", size = 127892, upload-time = "2026-05-06T15:10:24.714Z" },
    { url = "https://files.pythonhosted.org/packages/66/60/52b0054c4c700d5aa7fc5b7ca96917400d8f061307778578e67a10e25852/orjson-3.11.9-cp313-cp313-manylinux_2_17_i686.manylinux2014_i686.whl", hash = "sha256:8aff7da9952a5ad1cef8e68017724d96c7b9a66e99e91d6252e1b133d67a7b10", size = 135217, upload-time = "2026-05-06T15:10:26.084Z" },
    { url = "https://files.pythonhosted.org/packages/d5/97/1e3dc2b2a28b7b2528f403d2fc1d79ec5f39af3bc143ab65d3ec26426385/orjson-3.11.9-cp313-cp313-manylinux_2_17_ppc64le.manylinux2014_ppc64le.whl", hash = "sha256:4d4e98d6f3b8afed8bc8cd9718ec0cdf46661826beefb53fe8eafb37f2bf0362", size = 145980, upload-time = "2026-05-06T15:10:28.062Z" },
    { url = "https://files.pythonhosted.org/packages/fc/39/31fbfe7850f2de32dee7e7e5c09f26d403ab01e440ac96001c6b01ad3c99/orjson-3.11.9-cp313-cp313-manylinux_2_17_s390x.manylinux2014_s390x.whl", hash = "sha256:3a81d52442a7c99b3662333235b3adf96a1715864658b35bb797212be7bddb97", size = 132738, upload-time = "2026-05-06T15:10:29.727Z" },
    { url = "https://files.pythonhosted.org/packages/a1/08/dca0082dd2a194acb93e5457e73455388e2e2ca464a2672449a9ddbb679d/orjson-3.11.9-cp313-cp313-manylinux_2_17_x86_64.manylinux2014_x86_64.whl", hash = "sha256:4e39364e726a8fff737309aff059ff67d8a8c8d5b677be7bb49a8b3e84b7e218", size = 134033, upload-time = "2026-05-06T15:10:31.152Z" },
    { url = "https://files.pythonhosted.org/packages/11/d4/5bdb0626801230139987385554c5d4c42255218ac906525bf4347f22cd95/orjson-3.11.9-cp313-cp313-musllinux_1_2_aarch64.whl", hash = "sha256:4fd66214623f1b17501df9f0543bef0b833979ab5b6ded1e1d123222866aa8c9", size = 141492, upload-time = "2026-05-06T15:10:32.641Z" },
    { url = "https://files.pythonhosted.org/packages/fa/88/a21fb53b3ede6703aede6dce4710ed4111e5b201cfa6bbff5e544f9d47d7/orjson-3.11.9-cp313-cp313-musllinux_1_2_armv7l.whl", hash = "sha256:8ecc30f10465fa1e0ce13fd01d9e22c316e5053a719a8d915d4545a09a5ff677", size = 415087, upload-time = "2026-05-06T15:10:34.438Z" },
    { url = "https://files.pythonhosted.org/packages/3d/57/1b30daf70f0d8180e9a73cefbfbdd99e4bf19eb020466502b01fba7e0e50/orjson-3.11.9-cp313-cp313-musllinux_1_2_i686.whl", hash = "sha256:97db4c94a7db398a5bd636273324f0b3fd58b350bbbac8bb380ceb825a9b40f4", size = 148031, upload-time = "2026-05-06T15:10:36.358Z" },
    { url = "https://files.pythonhosted.org/packages/04/83/45fbb6d962e260807f99441db9613cee868ceda4baceda59b3720a563f97/orjson-3.11.9-cp313-cp313-musllinux_1_2_x86_64.whl", hash = "sha256:9f78cf8fec5bd627f4082b8dfeac7871b43d7f3274904492a43dab39f18a19a0", size = 136915, upload-time = "2026-05-06T15:10:38.013Z" },
    { url = "https://files.pythonhosted.org/packages/5f/cc/2d10025f9056d376e4127ec05a5808b218d46f035fdc08178a5411b34250/orjson-3.11.9-cp313-cp313-win32.whl", hash = "sha256:d4087e5c0209a0a8efe4de3303c234b9c44d1174161dcd851e8eea07c7560b32", size = 131613, upload-time = "2026-05-06T15:10:39.569Z" },
    { url = "https://files.pythonhosted.org/packages/67/bd/2775ff28bfe883b9aa1ff348300542eb2ef1ee18d8ae0e3a49846817a865/orjson-3.11.9-cp313-cp313-win_amd64.whl", hash = "sha256:051b102c93b4f634e89f3866b07b9a9a98915ada541f4ec30f177067b2694979", size = 127086, upload-time = "2026-05-06T15:10:41.262Z" },
    { url = "https://files.pythonhosted.org/packages/91/2b/d26799e580939e32a7da9a39531bc9e58e15ca32ffaa6a8cb3e9bb0d22cd/orjson-3.11.9-cp313-cp313-win_arm64.whl", hash = "sha256:cce9127885941bd28f080cecf1f1d288336b7e0d812c345b08be88b572796254", size = 126696, upload-time = "2026-05-06T15:10:42.651Z" },
]

[[package]]
name = "packaging"
version = "26.2"
source = { registry = "https://pypi.org/simple" }
sdist = { url = "https://files.pythonhosted.org/packages/d7/f1/e7a6dd94a8d4a5626c03e4e99c87f241ba9e350cd9e6d75123f992427270/packaging-26.2.tar.gz", hash = "sha256:ff452ff5a3e828ce110190feff1178bb1f2ea2281fa2075aadb987c2fb221661", size = 228134, upload-time = "2026-04-24T20:15:23.917Z" }
wheels = [
    { url = "https://files.pythonhosted.org/packages/df/b2/87e62e8c3e2f4b32e5fe99e0b86d576da1312593b39f47d8ceef365e95ed/packaging-26.2-py3-none-any.whl", hash = "sha256:5fc45236b9446107ff2415ce77c807cee2862cb6fac22b8a73826d0693b0980e", size = 100195, upload-time = "2026-04-24T20:15:22.081Z" },
]

[[package]]
name = "pluggy"
version = "1.6.0"
source = { registry = "https://pypi.org/simple" }
sdist = { url = "https://files.pythonhosted.org/packages/f9/e2/3e91f31a7d2b083fe6ef3fa267035b518369d9511ffab804f839851d2779/pluggy-1.6.0.tar.gz", hash = "sha256:7dcc130b76258d33b90f61b658791dede3486c3e6bfb003ee5c9bfb396dd22f3", size = 69412, upload-time = "2025-05-15T12:30:07.975Z" }
wheels = [
    { url = "https://files.pythonhosted.org/packages/54/20/4d324d65cc6d9205fabedc306948156824eb9f0ee1633355a8f7ec5c66bf/pluggy-1.6.0-py3-none-any.whl", hash = "sha256:e920276dd6813095e9377c0bc5566d94c932c33b27a3e3945d8389c374dd4746", size = 20538, upload-time = "2025-05-15T12:30:06.134Z" },
]

[[package]]
name = "pydantic"
version = "2.13.4"
source = { registry = "https://pypi.org/simple" }
dependencies = [
    { name = "annotated-types" },
    { name = "pydantic-core" },
    { name = "typing-extensions" },
    { name = "typing-inspection" },
]
sdist = { url = "https://files.pythonhosted.org/packages/18/a5/b60d21ac674192f8ab0ba4e9fd860690f9b4a6e51ca5df118733b487d8d6/pydantic-2.13.4.tar.gz", hash = "sha256:c40756b57adaa8b1efeeced5c196f3f3b7c435f90e84ea7f443901bec8099ef6", size = 844775, upload-time = "2026-05-06T13:43:05.343Z" }
wheels = [
    { url = "https://files.pythonhosted.org/packages/fd/7b/122376b1fd3c62c1ed9dc80c931ace4844b3c55407b6fb2d199377c9736f/pydantic-2.13.4-py3-none-any.whl", hash = "sha256:45a282cde31d808236fd7ea9d919b128653c8b38b393d1c4ab335c62924d9aba", size = 472262, upload-time = "2026-05-06T13:43:02.641Z" },
]

[[package]]
name = "pydantic-core"
version = "2.46.4"
source = { registry = "https://pypi.org/simple" }
dependencies = [
    { name = "typing-extensions" },
]
sdist = { url = "https://files.pythonhosted.org/packages/9d/56/921726b776ace8d8f5db44c4ef961006580d91dc52b803c489fafd1aa249/pydantic_core-2.46.4.tar.gz", hash = "sha256:62f875393d7f270851f20523dd2e29f082bcc82292d66db2b64ea71f64b6e1c1", size = 471464, upload-time = "2026-05-06T13:37:06.98Z" }
wheels = [
    { url = "https://files.pythonhosted.org/packages/51/a2/5d30b469c5267a17b39dec53208222f76a8d351dfac4af661888c5aee77d/pydantic_core-2.46.4-cp313-cp313-macosx_10_12_x86_64.whl", hash = "sha256:5d5902252db0d3cedf8d4a1bc68f70eeb430f7e4c7104c8c476753519b423008", size = 2106306, upload-time = "2026-05-06T13:37:48.029Z" },
    { url = "https://files.pythonhosted.org/packages/c1/81/4fa520eaffa8bd7d1525e644cd6d39e7d60b1592bc5b516693c7340b50f1/pydantic_core-2.46.4-cp313-cp313-macosx_11_0_arm64.whl", hash = "sha256:c94f0688e7b8d0a67abf40e57a7eaaecd17cc9586706a31b76c031f63df052b4", size = 1951906, upload-time = "2026-05-06T13:37:17.012Z" },
    { url = "https://files.pythonhosted.org/packages/03/d5/fd02da45b659668b05923b17ba3a0100a0a3d5541e3bd8fcc4ecb711309e/pydantic_core-2.46.4-cp313-cp313-manylinux_2_17_aarch64.manylinux2014_aarch64.whl", hash = "sha256:f027324c56cd5406ca49c124b0db10e56c69064fec039acc571c29020cc87c76", size = 1976802, upload-time = "2026-05-06T13:37:35.113Z" },
    { url = "https://files.pythonhosted.org/packages/21/f2/95727e1368be3d3ed485eaab7adbd7dda408f33f7a36e8b48e0144002b91/pydantic_core-2.46.4-cp313-cp313-manylinux_2_17_armv7l.manylinux2014_armv7l.whl", hash = "sha256:e739fee756ba1010f8bcccb534252e85a35fe45ae92c295a06059ce58b74ccd3", size = 2052446, upload-time = "2026-05-06T13:37:12.313Z" },
    { url = "https://files.pythonhosted.org/packages/9c/86/5d99feea3f77c7234b8718075b23db11532773c1a0dbd9b9490215dc2eeb/pydantic_core-2.46.4-cp313-cp313-manylinux_2_17_ppc64le.manylinux2014_ppc64le.whl", hash = "sha256:9d56801be94b86a9da183e5f3766e6310752b99ff647e38b09a9500d88e46e76", size = 2232757, upload-time = "2026-05-06T13:39:01.149Z" },
    { url = "https://files.pythonhosted.org/packages/d2/3a/508ac615935ef7588cf6d9e9b91309fdc2da751af865e02a9098de88258c/pydantic_core-2.46.4-cp313-cp313-manylinux_2_17_s390x.manylinux2014_s390x.whl", hash = "sha256:2412e734dcb48da14d4e4006b82b46b74f2518b8a26ee7e58c6844a6cd6d03c4", size = 2309275, upload-time = "2026-05-06T13:37:41.406Z" },
    { url = "https://files.pythonhosted.org/packages/07/f8/41db9de19d7987d6b04715a02b3b40aea467000275d9d758ffaa31af7d50/pydantic_core-2.46.4-cp313-cp313-manylinux_2_17_x86_64.manylinux2014_x86_64.whl", hash = "sha256:9551187363ffc0de2a00b2e47c25aeaeb1020b69b668762966df15fc5659dd5a", size = 2094467, upload-time = "2026-05-06T13:39:18.847Z" },
    { url = "https://files.pythonhosted.org/packages/2c/e2/f35033184cb11d0052daf4416e8e10a502ea2ac006fc4f459aee872727d1/pydantic_core-2.46.4-cp313-cp313-manylinux_2_31_riscv64.whl", hash = "sha256:0186750b482eefa11d7f435892b09c5c606193ef3375bcf94aa00ae6bfb66262", size = 2134417, upload-time = "2026-05-06T13:40:17.944Z" },
    { url = "https://files.pythonhosted.org/packages/7e/7b/6ceeb1cc90e193862f444ebe373d8fdf613f0a82572dde03fb10734c6c71/pydantic_core-2.46.4-cp313-cp313-manylinux_2_5_i686.manylinux1_i686.whl", hash = "sha256:5855698a4856556d86e8e6cd8434bc3ac0314ee8e12089ae0e143f64c6256e4e", size = 2179782, upload-time = "2026-05-06T13:40:32.618Z" },
    { url = "https://files.pythonhosted.org/packages/5a/f2/c8d7773ede6af08036423a00ae0ceffce266c3c52a096c435d68c896083f/pydantic_core-2.46.4-cp313-cp313-musllinux_1_1_aarch64.whl", hash = "sha256:cbaf13819775b7f769bf4a1f066cb6df7a28d4480081a589828ef190226881cd", size = 2188782, upload-time = "2026-05-06T13:36:51.018Z" },
    { url = "https://files.pythonhosted.org/packages/59/31/0c864784e31f09f05cdd87606f08923b9c9e7f6e51dd27f20f62f975ce9f/pydantic_core-2.46.4-cp313-cp313-musllinux_1_1_armv7l.whl", hash = "sha256:633147d34cf4550417f12e2b1a0383973bdf5cdfde212cb09e9a581cf10820be", size = 2328334, upload-time = "2026-05-06T13:40:37.764Z" },
    { url = "https://files.pythonhosted.org/packages/c2/eb/4f6c8a41efa30baa755590f4141abf3a8c370fab610915733e74134a7270/pydantic_core-2.46.4-cp313-cp313-musllinux_1_1_x86_64.whl", hash = "sha256:82cf5301172168103724d49a1444d3378cb20cdee30b116a1bd6031236298a5d", size = 2372986, upload-time = "2026-05-06T13:39:34.152Z" },
    { url = "https://files.pythonhosted.org/packages/5b/24/b375a480d53113860c299764bfe9f349a3dc9108b3adc0d7f0d786492ebf/pydantic_core-2.46.4-cp313-cp313-win32.whl", hash = "sha256:9fa8ae11da9e2b3126c6426f147e0fba88d96d65921799bb30c6abd1cb2c97fb", size = 1973693, upload-time = "2026-05-06T13:37:55.072Z" },
    { url = "https://files.pythonhosted.org/packages/7e/e8/cff247591966f2d22ec8c003cd7587e27b7ba7b81ab2fb888e3ab75dc285/pydantic_core-2.46.4-cp313-cp313-win_amd64.whl", hash = "sha256:6b3ace8194b0e5204818c92802dcdca7fc6d88aabbb799d7c795540d9cd6d292", size = 2071819, upload-time = "2026-05-06T13:38:49.139Z" },
    { url = "https://files.pythonhosted.org/packages/c6/1a/f4aee670d5670e9e148e0c82c7db98d780be566c6e6a97ee8035528ca0b3/pydantic_core-2.46.4-cp313-cp313-win_arm64.whl", hash = "sha256:184c081504d17f1c1066e430e117142b2c77d9448a97f7b65c6ac9fd9aee238d", size = 2027411, upload-time = "2026-05-06T13:40:45.796Z" },
]

[[package]]
name = "pygments"
version = "2.20.0"
source = { registry = "https://pypi.org/simple" }
sdist = { url = "https://files.pythonhosted.org/packages/c3/b2/bc9c9196916376152d655522fdcebac55e66de6603a76a02bca1b6414f6c/pygments-2.20.0.tar.gz", hash = "sha256:6757cd03768053ff99f3039c1a36d6c0aa0b263438fcab17520b30a303a82b5f", size = 4955991, upload-time = "2026-03-29T13:29:33.898Z" }
wheels = [
    { url = "https://files.pythonhosted.org/packages/f4/7e/a72dd26f3b0f4f2bf1dd8923c85f7ceb43172af56d63c7383eb62b332364/pygments-2.20.0-py3-none-any.whl", hash = "sha256:81a9e26dd42fd28a23a2d169d86d7ac03b46e2f8b59ed4698fb4785f946d0176", size = 1231151, upload-time = "2026-03-29T13:29:30.038Z" },
]

[[package]]
name = "pytest"
version = "9.1.1"
source = { registry = "https://pypi.org/simple" }
dependencies = [
    { name = "colorama", marker = "sys_platform == 'win32'" },
    { name = "iniconfig" },
    { name = "packaging" },
    { name = "pluggy" },
    { name = "pygments" },
]
sdist = { url = "https://files.pythonhosted.org/packages/e4/47/b9efed96c114afcfa3c9d3fe98a76a1d14c74a9e266d397cf6eb64be5e01/pytest-9.1.1.tar.gz", hash = "sha256:1088fbde8f2b49d95a549a195707afa7a76a3ce9bcadc26b6d71f0ffda5fe313", size = 1636369, upload-time = "2026-06-19T10:58:32.857Z" }
wheels = [
    { url = "https://files.pythonhosted.org/packages/24/25/1de2678b631f5a49215c6c96fff41ba892b0a34df68d6d80292b1b48aa7f/pytest-9.1.1-py3-none-any.whl", hash = "sha256:37a86b45efb9a47a61a36449063e8e18d0cab3161329fc099eb21783169c4f0c", size = 386536, upload-time = "2026-06-19T10:58:31.347Z" },
]

[[package]]
name = "python-dotenv"
version = "1.2.2"
source = { registry = "https://pypi.org/simple" }
sdist = { url = "https://files.pythonhosted.org/packages/82/ed/0301aeeac3e5353ef3d94b6ec08bbcabd04a72018415dcb29e588514bba8/python_dotenv-1.2.2.tar.gz", hash = "sha256:2c371a91fbd7ba082c2c1dc1f8bf89ca22564a087c2c287cd9b662adde799cf3", size = 50135, upload-time = "2026-03-01T16:00:26.196Z" }
wheels = [
    { url = "https://files.pythonhosted.org/packages/0b/d7/1959b9648791274998a9c3526f6d0ec8fd2233e4d4acce81bbae76b44b2a/python_dotenv-1.2.2-py3-none-any.whl", hash = "sha256:1d8214789a24de455a8b8bd8ae6fe3c6b69a5e3d64aa8a8e5d68e694bbcb285a", size = 22101, upload-time = "2026-03-01T16:00:25.09Z" },
]

[[package]]
name = "stocktrading"
version = "0.1.0"
source = { editable = "." }
dependencies = [
    { name = "duckdb" },
    { name = "orjson" },
    { name = "pydantic" },
    { name = "python-dotenv" },
]

[package.dev-dependencies]
dev = [
    { name = "pytest" },
]

[package.metadata]
requires-dist = [
    { name = "duckdb", specifier = ">=1.5" },
    { name = "orjson", specifier = ">=3.11.9" },
    { name = "pydantic", specifier = ">=2.13.4" },
    { name = "python-dotenv", specifier = ">=1.1.0" },
]

[package.metadata.requires-dev]
dev = [{ name = "pytest", specifier = ">=9.0.3" }]

[[package]]
name = "typing-extensions"
version = "4.16.0"
source = { registry = "https://pypi.org/simple" }
sdist = { url = "https://files.pythonhosted.org/packages/f6/cc/6253133b5bb138fc3306cebfbda2c520f545d36b5be2c7255cc528bb45d6/typing_extensions-4.16.0.tar.gz", hash = "sha256:dc983d19a509c94dba722ee6abd33940f7c05a89e243c47e907eb4db6f1a43e5", size = 113555, upload-time = "2026-07-02T08:40:05.92Z" }
wheels = [
    { url = "https://files.pythonhosted.org/packages/49/d3/b8441a820a491ddfc024b0b0cf0393375b75ea13866d9c66727e54c2fc80/typing_extensions-4.16.0-py3-none-any.whl", hash = "sha256:481caa481374e813c1b176ada14e97f1f67a4539ce9cfeb3f350d78d6370c2e8", size = 45571, upload-time = "2026-07-02T08:40:04.659Z" },
]

[[package]]
name = "typing-inspection"
version = "0.4.2"
source = { registry = "https://pypi.org/simple" }
dependencies = [
    { name = "typing-extensions" },
]
sdist = { url = "https://files.pythonhosted.org/packages/55/e3/70399cb7dd41c10ac53367ae42139cf4b1ca5f36bb3dc6c9d33acdb43655/typing_inspection-0.4.2.tar.gz", hash = "sha256:ba561c48a67c5958007083d386c3295464928b01faa735ab8547c5692e87f464", size = 75949, upload-time = "2025-10-01T02:14:41.687Z" }
wheels = [
    { url = "https://files.pythonhosted.org/packages/dc/9b/47798a6c91d8bdb567fe2698fe81e0c6b7cb7ef4d13da4114b41d239f65d/typing_inspection-0.4.2-py3-none-any.whl", hash = "sha256:4ed1cacbdc298c220f1bd249ed5287caa16f34d44ef4e9c3d0cbad5b521545e7", size = 14611, upload-time = "2025-10-01T02:14:40.154Z" },
]
